
Microsoft Visual Studio Solution File, Format Version 12.00
# Visual Studio 15
VisualStudioVersion = 15.0.28307.960
MinimumVisualStudioVersion = 10.0.40219.1
Project("{8BC9CEB8-8B4A-11D0-8D11-00A0C91BC942}") = "Aprendiendo CUDA", "Aprendiendo CUDA\Aprendiendo CUDA.vcxproj", "{A3DBA66E-FA9E-4704-805F-EA4A14E76E6A}"
EndProject
Global
	GlobalSection(SolutionConfigurationPlatforms) = preSolution
		Debug|x64 = Debug|x64
		Release|x64 = Release|x64
	EndGlobalSection
	GlobalSection(ProjectConfigurationPlatforms) = postSolution
		{A3DBA66E-FA9E-4704-805F-EA4A14E76E6A}.Debug|x64.ActiveCfg = Debug|x64
		{A3DBA66E-FA9E-4704-805F-EA4A14E76E6A}.Debug|x64.Build.0 = Debug|x64
		{A3DBA66E-FA9E-4704-805F-EA4A14E76E6A}.Release|x64.ActiveCfg = Release|x64
		{A3DBA66E-FA9E-4704-805F-EA4A14E76E6A}.Release|x64.Build.0 = Release|x64
	EndGlobalSection
	GlobalSection(SolutionProperties) = preSolution
		HideSolutionNode = FALSE
	EndGlobalSection
	GlobalSection(ExtensibilityGlobals) = postSolution
		SolutionGuid = {F11E9D8E-2550-430A-80AF-BB7ABBD1C576}
	EndGlobalSection
EndGlobal
